// !$*UTF8*$!
{
	archiveVersion = 1;
	classes = {
	};
	objectVersion = 50;
	objects = {

/* Begin PBXBuildFile section */
		2EEB5EA324C9DACF00A8FBD8 /* AppDelegate.swift in Sources */ = {isa = PBXBuildFile; fileRef = 2EEB5EA224C9DACF00A8FBD8 /* AppDelegate.swift */; };
		2EEB5EAA24C9DACF00A8FBD8 /* Main.storyboard in Resources */ = {isa = PBXBuildFile; fileRef = 2EEB5EA824C9DACF00A8FBD8 /* Main.storyboard */; };
		2EEB5EAC24C9DAD600A8FBD8 /* Assets.xcassets in Resources */ = {isa = PBXBuildFile; fileRef = 2EEB5EAB24C9DAD600A8FBD8 /* Assets.xcassets */; };
		2EEB5EAF24C9DAD600A8FBD8 /* LaunchScreen.storyboard in Resources */ = {isa = PBXBuildFile; fileRef = 2EEB5EAD24C9DAD600A8FBD8 /* LaunchScreen.storyboard */; };
		2EEB5EB824C9E00B00A8FBD8 /* DashboardController.swift in Sources */ = {isa = PBXBuildFile; fileRef = 2EEB5EB724C9E00B00A8FBD8 /* DashboardController.swift */; };
		2EEB5EBC24C9E10000A8FBD8 /* GameController.swift in Sources */ = {isa = PBXBuildFile; fileRef = 2EEB5EBB24C9E10000A8FBD8 /* GameController.swift */; };
		2EEB5EBF24C9E3CC00A8FBD8 /* OldAnswersTable.swift in Sources */ = {isa = PBXBuildFile; fileRef = 2EEB5EBE24C9E3CC00A8FBD8 /* OldAnswersTable.swift */; };
		2EEB5EC224C9E45000A8FBD8 /* OldAnswersTableModel.swift in Sources */ = {isa = PBXBuildFile; fileRef = 2EEB5EC124C9E45000A8FBD8 /* OldAnswersTableModel.swift */; };
		2EEB5EC624C9E59700A8FBD8 /* TypeAliaes.swift in Sources */ = {isa = PBXBuildFile; fileRef = 2EEB5EC524C9E59700A8FBD8 /* TypeAliaes.swift */; };
		2EEB5EC824C9F74F00A8FBD8 /* GoogleService-Info.plist in Resources */ = {isa = PBXBuildFile; fileRef = 2EEB5EC724C9F74F00A8FBD8 /* GoogleService-Info.plist */; };
		2EEB5ECD24C9FAF200A8FBD8 /* AnswerCell.swift in Sources */ = {isa = PBXBuildFile; fileRef = 2EEB5ECB24C9FAF200A8FBD8 /* AnswerCell.swift */; };
		2EEB5ECE24C9FAF200A8FBD8 /* AnswerCell.xib in Resources */ = {isa = PBXBuildFile; fileRef = 2EEB5ECC24C9FAF200A8FBD8 /* AnswerCell.xib */; };
		2EEB5ED024C9FD9C00A8FBD8 /* NibLoadable.swift in Sources */ = {isa = PBXBuildFile; fileRef = 2EEB5ECF24C9FD9C00A8FBD8 /* NibLoadable.swift */; };
		2EEB5ED224C9FDE900A8FBD8 /* UITableViewCell+Extension.swift in Sources */ = {isa = PBXBuildFile; fileRef = 2EEB5ED124C9FDE900A8FBD8 /* UITableViewCell+Extension.swift */; };
		2EEB5ED424C9FE0400A8FBD8 /* UITableView+Extensions.swift in Sources */ = {isa = PBXBuildFile; fileRef = 2EEB5ED324C9FE0400A8FBD8 /* UITableView+Extensions.swift */; };
		2EEB5ED624C9FFC200A8FBD8 /* GameModel.swift in Sources */ = {isa = PBXBuildFile; fileRef = 2EEB5ED524C9FFC200A8FBD8 /* GameModel.swift */; };
		2EEB5ED824CA036B00A8FBD8 /* String+Extension.swift in Sources */ = {isa = PBXBuildFile; fileRef = 2EEB5ED724CA036B00A8FBD8 /* String+Extension.swift */; };
		7E382511BB822AB9D4DB0CDA /* libPods-Number Game.a in Frameworks */ = {isa = PBXBuildFile; fileRef = B5FDBE725C5C9C09555727AA /* libPods-Number Game.a */; };
/* End PBXBuildFile section */

/* Begin PBXFileReference section */
		2EEB5E9F24C9DACF00A8FBD8 /* Number Game.app */ = {isa = PBXFileReference; explicitFileType = wrapper.application; includeInIndex = 0; path = "Number Game.app"; sourceTree = BUILT_PRODUCTS_DIR; };
		2EEB5EA224C9DACF00A8FBD8 /* AppDelegate.swift */ = {isa = PBXFileReference; lastKnownFileType = sourcecode.swift; path = AppDelegate.swift; sourceTree = "<group>"; };
		2EEB5EA924C9DACF00A8FBD8 /* Base */ = {isa = PBXFileReference; lastKnownFileType = file.storyboard; name = Base; path = Base.lproj/Main.storyboard; sourceTree = "<group>"; };
		2EEB5EAB24C9DAD600A8FBD8 /* Assets.xcassets */ = {isa = PBXFileReference; lastKnownFileType = folder.assetcatalog; path = Assets.xcassets; sourceTree = "<group>"; };
		2EEB5EAE24C9DAD600A8FBD8 /* Base */ = {isa = PBXFileReference; lastKnownFileType = file.storyboard; name = Base; path = Base.lproj/LaunchScreen.storyboard; sourceTree = "<group>"; };
		2EEB5EB024C9DAD600A8FBD8 /* Info.plist */ = {isa = PBXFileReference; lastKnownFileType = text.plist.xml; path = Info.plist; sourceTree = "<group>"; };
		2EEB5EB724C9E00B00A8FBD8 /* DashboardController.swift */ = {isa = PBXFileReference; lastKnownFileType = sourcecode.swift; path = DashboardController.swift; sourceTree = "<group>"; };
		2EEB5EBB24C9E10000A8FBD8 /* GameController.swift */ = {isa = PBXFileReference; lastKnownFileType = sourcecode.swift; path = GameController.swift; sourceTree = "<group>"; };
		2EEB5EBE24C9E3CC00A8FBD8 /* OldAnswersTable.swift */ = {isa = PBXFileReference; lastKnownFileType = sourcecode.swift; path = OldAnswersTable.swift; sourceTree = "<group>"; };
		2EEB5EC124C9E45000A8FBD8 /* OldAnswersTableModel.swift */ = {isa = PBXFileReference; lastKnownFileType = sourcecode.swift; path = OldAnswersTableModel.swift; sourceTree = "<group>"; };
		2EEB5EC524C9E59700A8FBD8 /* TypeAliaes.swift */ = {isa = PBXFileReference; lastKnownFileType = sourcecode.swift; path = TypeAliaes.swift; sourceTree = "<group>"; };
		2EEB5EC724C9F74F00A8FBD8 /* GoogleService-Info.plist */ = {isa = PBXFileReference; fileEncoding = 4; lastKnownFileType = text.plist.xml; path = "GoogleService-Info.plist"; sourceTree = "<group>"; };
		2EEB5ECB24C9FAF200A8FBD8 /* AnswerCell.swift */ = {isa = PBXFileReference; lastKnownFileType = sourcecode.swift; path = AnswerCell.swift; sourceTree = "<group>"; };
		2EEB5ECC24C9FAF200A8FBD8 /* AnswerCell.xib */ = {isa = PBXFileReference; lastKnownFileType = file.xib; path = AnswerCell.xib; sourceTree = "<group>"; };
		2EEB5ECF24C9FD9C00A8FBD8 /* NibLoadable.swift */ = {isa = PBXFileReference; lastKnownFileType = sourcecode.swift; path = NibLoadable.swift; sourceTree = "<group>"; };
		2EEB5ED124C9FDE900A8FBD8 /* UITableViewCell+Extension.swift */ = {isa = PBXFileReference; lastKnownFileType = sourcecode.swift; path = "UITableViewCell+Extension.swift"; sourceTree = "<group>"; };
		2EEB5ED324C9FE0400A8FBD8 /* UITableView+Extensions.swift */ = {isa = PBXFileReference; lastKnownFileType = sourcecode.swift; path = "UITableView+Extensions.swift"; sourceTree = "<group>"; };
		2EEB5ED524C9FFC200A8FBD8 /* GameModel.swift */ = {isa = PBXFileReference; lastKnownFileType = sourcecode.swift; path = GameModel.swift; sourceTree = "<group>"; };
		2EEB5ED724CA036B00A8FBD8 /* String+Extension.swift */ = {isa = PBXFileReference; lastKnownFileType = sourcecode.swift; path = "String+Extension.swift"; sourceTree = "<group>"; };
		847449E3750BA15B6A32AA29 /* Pods-Number Game.debug.xcconfig */ = {isa = PBXFileReference; includeInIndex = 1; lastKnownFileType = text.xcconfig; name = "Pods-Number Game.debug.xcconfig"; path = "Target Support Files/Pods-Number Game/Pods-Number Game.debug.xcconfig"; sourceTree = "<group>"; };
		987C24501C65223A062E5B05 /* Pods-Number Game.release.xcconfig */ = {isa = PBXFileReference; includeInIndex = 1; lastKnownFileType = text.xcconfig; name = "Pods-Number Game.release.xcconfig"; path = "Target Support Files/Pods-Number Game/Pods-Number Game.release.xcconfig"; sourceTree = "<group>"; };
		B5FDBE725C5C9C09555727AA /* libPods-Number Game.a */ = {isa = PBXFileReference; explicitFileType = archive.ar; includeInIndex = 0; path = "libPods-Number Game.a"; sourceTree = BUILT_PRODUCTS_DIR; };
/* End PBXFileReference section */

/* Begin PBXFrameworksBuildPhase section */
		2EEB5E9C24C9DACF00A8FBD8 /* Frameworks */ = {
			isa = PBXFrameworksBuildPhase;
			buildActionMask = 2147483647;
			files = (
				7E382511BB822AB9D4DB0CDA /* libPods-Number Game.a in Frameworks */,
			);
			runOnlyForDeploymentPostprocessing = 0;
		};
/* End PBXFrameworksBuildPhase section */

/* Begin PBXGroup section */
		2EEB5E9624C9DACE00A8FBD8 = {
			isa = PBXGroup;
			children = (
				2EEB5EA124C9DACF00A8FBD8 /* Number Game */,
				2EEB5EA024C9DACF00A8FBD8 /* Products */,
				BA393A7792977DB3E6C09134 /* Pods */,
				A2E4624B9EAF9B2BFABBF76E /* Frameworks */,
			);
			sourceTree = "<group>";
		};
		2EEB5EA024C9DACF00A8FBD8 /* Products */ = {
			isa = PBXGroup;
			children = (
				2EEB5E9F24C9DACF00A8FBD8 /* Number Game.app */,
			);
			name = Products;
			sourceTree = "<group>";
		};
		2EEB5EA124C9DACF00A8FBD8 /* Number Game */ = {
			isa = PBXGroup;
			children = (
				2EEB5EC424C9E55F00A8FBD8 /* Helpers */,
				2EEB5EB624C9DFF400A8FBD8 /* Controllers */,
				2EEB5EA224C9DACF00A8FBD8 /* AppDelegate.swift */,
				2EEB5EA824C9DACF00A8FBD8 /* Main.storyboard */,
				2EEB5EAB24C9DAD600A8FBD8 /* Assets.xcassets */,
				2EEB5EAD24C9DAD600A8FBD8 /* LaunchScreen.storyboard */,
				2EEB5EC724C9F74F00A8FBD8 /* GoogleService-Info.plist */,
				2EEB5EB024C9DAD600A8FBD8 /* Info.plist */,
			);
			path = "Number Game";
			sourceTree = "<group>";
		};
		2EEB5EB624C9DFF400A8FBD8 /* Controllers */ = {
			isa = PBXGroup;
			children = (
				2EEB5EBA24C9E0F200A8FBD8 /* Game */,
				2EEB5EB924C9E0EA00A8FBD8 /* Dashboard */,
			);
			path = Controllers;
			sourceTree = "<group>";
		};
		2EEB5EB924C9E0EA00A8FBD8 /* Dashboard */ = {
			isa = PBXGroup;
			children = (
				2EEB5EB724C9E00B00A8FBD8 /* DashboardController.swift */,
			);
			path = Dashboard;
			sourceTree = "<group>";
		};
		2EEB5EBA24C9E0F200A8FBD8 /* Game */ = {
			isa = PBXGroup;
			children = (
				2EEB5EBD24C9E38D00A8FBD8 /* Table */,
				2EEB5EBB24C9E10000A8FBD8 /* GameController.swift */,
				2EEB5ED524C9FFC200A8FBD8 /* GameModel.swift */,
			);
			path = Game;
			sourceTree = "<group>";
		};
		2EEB5EBD24C9E38D00A8FBD8 /* Table */ = {
			isa = PBXGroup;
			children = (
				2EEB5EC924C9FACA00A8FBD8 /* AnswerCell */,
				2EEB5EC024C9E43A00A8FBD8 /* Model */,
				2EEB5EBE24C9E3CC00A8FBD8 /* OldAnswersTable.swift */,
			);
			path = Table;
			sourceTree = "<group>";
		};
		2EEB5EC024C9E43A00A8FBD8 /* Model */ = {
			isa = PBXGroup;
			children = (
				2EEB5EC124C9E45000A8FBD8 /* OldAnswersTableModel.swift */,
			);
			path = Model;
			sourceTree = "<group>";
		};
		2EEB5EC424C9E55F00A8FBD8 /* Helpers */ = {
			isa = PBXGroup;
			children = (
				2EEB5EC524C9E59700A8FBD8 /* TypeAliaes.swift */,
				2EEB5ECF24C9FD9C00A8FBD8 /* NibLoadable.swift */,
				2EEB5ED124C9FDE900A8FBD8 /* UITableViewCell+Extension.swift */,
				2EEB5ED324C9FE0400A8FBD8 /* UITableView+Extensions.swift */,
				2EEB5ED724CA036B00A8FBD8 /* String+Extension.swift */,
			);
			path = Helpers;
			sourceTree = "<group>";
		};
		2EEB5EC924C9FACA00A8FBD8 /* AnswerCell */ = {
			isa = PBXGroup;
			children = (
				2EEB5ECC24C9FAF200A8FBD8 /* AnswerCell.xib */,
				2EEB5ECB24C9FAF200A8FBD8 /* AnswerCell.swift */,
			);
			path = AnswerCell;
			sourceTree = "<group>";
		};
		A2E4624B9EAF9B2BFABBF76E /* Frameworks */ = {
			isa = PBXGroup;
			children = (
				B5FDBE725C5C9C09555727AA /* libPods-Number Game.a */,
			);
			name = Frameworks;
			sourceTree = "<group>";
		};
		BA393A7792977DB3E6C09134 /* Pods */ = {
			isa = PBXGroup;
			children = (
				847449E3750BA15B6A32AA29 /* Pods-Number Game.debug.xcconfig */,
				987C24501C65223A062E5B05 /* Pods-Number Game.release.xcconfig */,
			);
			path = Pods;
			sourceTree = "<group>";
		};
/* End PBXGroup section */

/* Begin PBXNativeTarget section */
		2EEB5E9E24C9DACF00A8FBD8 /* Number Game */ = {
			isa = PBXNativeTarget;
			buildConfigurationList = 2EEB5EB324C9DAD600A8FBD8 /* Build configuration list for PBXNativeTarget "Number Game" */;
			buildPhases = (
				7DA8491B740E1D0C1533A05D /* [CP] Check Pods Manifest.lock */,
				2EEB5E9B24C9DACF00A8FBD8 /* Sources */,
				2EEB5E9C24C9DACF00A8FBD8 /* Frameworks */,
				2EEB5E9D24C9DACF00A8FBD8 /* Resources */,
			);
			buildRules = (
			);
			dependencies = (
			);
			name = "Number Game";
			productName = "Number Game";
			productReference = 2EEB5E9F24C9DACF00A8FBD8 /* Number Game.app */;
			productType = "com.apple.product-type.application";
		};
/* End PBXNativeTarget section */

/* Begin PBXProject section */
		2EEB5E9724C9DACE00A8FBD8 /* Project object */ = {
			isa = PBXProject;
			attributes = {
				LastSwiftUpdateCheck = 1150;
				LastUpgradeCheck = 1150;
				ORGANIZATIONNAME = yusufTerzi;
				TargetAttributes = {
					2EEB5E9E24C9DACF00A8FBD8 = {
						CreatedOnToolsVersion = 11.5;
					};
				};
			};
			buildConfigurationList = 2EEB5E9A24C9DACE00A8FBD8 /* Build configuration list for PBXProject "Number Game" */;
			compatibilityVersion = "Xcode 9.3";
			developmentRegion = en;
			hasScannedForEncodings = 0;
			knownRegions = (
				en,
				Base,
			);
			mainGroup = 2EEB5E9624C9DACE00A8FBD8;
			productRefGroup = 2EEB5EA024C9DACF00A8FBD8 /* Products */;
			projectDirPath = "";
			projectRoot = "";
			targets = (
				2EEB5E9E24C9DACF00A8FBD8 /* Number Game */,
			);
		};
/* End PBXProject section */

/* Begin PBXResourcesBuildPhase section */
		2EEB5E9D24C9DACF00A8FBD8 /* Resources */ = {
			isa = PBXResourcesBuildPhase;
			buildActionMask = 2147483647;
			files = (
				2EEB5EC824C9F74F00A8FBD8 /* GoogleService-Info.plist in Resources */,
				2EEB5EAF24C9DAD600A8FBD8 /* LaunchScreen.storyboard in Resources */,
				2EEB5ECE24C9FAF200A8FBD8 /* AnswerCell.xib in Resources */,
				2EEB5EAC24C9DAD600A8FBD8 /* Assets.xcassets in Resources */,
				2EEB5EAA24C9DACF00A8FBD8 /* Main.storyboard in Resources */,
			);
			runOnlyForDeploymentPostprocessing = 0;
		};
/* End PBXResourcesBuildPhase section */

/* Begin PBXShellScriptBuildPhase section */
		7DA8491B740E1D0C1533A05D /* [CP] Check Pods Manifest.lock */ = {
			isa = PBXShellScriptBuildPhase;
			buildActionMask = 2147483647;
			files = (
			);
			inputFileListPaths = (
			);
			inputPaths = (
				"${PODS_PODFILE_DIR_PATH}/Podfile.lock",
				"${PODS_ROOT}/Manifest.lock",
			);
			name = "[CP] Check Pods Manifest.lock";
			outputFileListPaths = (
			);
			outputPaths = (
				"$(DERIVED_FILE_DIR)/Pods-Number Game-checkManifestLockResult.txt",
			);
			runOnlyForDeploymentPostprocessing = 0;
			shellPath = /bin/sh;
			shellScript = "diff \"${PODS_PODFILE_DIR_PATH}/Podfile.lock\" \"${PODS_ROOT}/Manifest.lock\" > /dev/null\nif [ $? != 0 ] ; then\n    # print error to STDERR\n    echo \"error: The sandbox is not in sync with the Podfile.lock. Run 'pod install' or update your CocoaPods installation.\" >&2\n    exit 1\nfi\n# This output is used by Xcode 'outputs' to avoid re-running this script phase.\necho \"SUCCESS\" > \"${SCRIPT_OUTPUT_FILE_0}\"\n";
			showEnvVarsInLog = 0;
		};
/* End PBXShellScriptBuildPhase section */

/* Begin PBXSourcesBuildPhase section */
		2EEB5E9B24C9DACF00A8FBD8 /* Sources */ = {
			isa = PBXSourcesBuildPhase;
			buildActionMask = 2147483647;
			files = (
				2EEB5EC624C9E59700A8FBD8 /* TypeAliaes.swift in Sources */,
				2EEB5ED024C9FD9C00A8FBD8 /* NibLoadable.swift in Sources */,
				2EEB5EB824C9E00B00A8FBD8 /* DashboardController.swift in Sources */,
				2EEB5EBC24C9E10000A8FBD8 /* GameController.swift in Sources */,
				2EEB5ED824CA036B00A8FBD8 /* String+Extension.swift in Sources */,
				2EEB5ED224C9FDE900A8FBD8 /* UITableViewCell+Extension.swift in Sources */,
				2EEB5ED424C9FE0400A8FBD8 /* UITableView+Extensions.swift in Sources */,
				2EEB5EBF24C9E3CC00A8FBD8 /* OldAnswersTable.swift in Sources */,
				2EEB5ECD24C9FAF200A8FBD8 /* AnswerCell.swift in Sources */,
				2EEB5EA324C9DACF00A8FBD8 /* AppDelegate.swift in Sources */,
				2EEB5EC224C9E45000A8FBD8 /* OldAnswersTableModel.swift in Sources */,
				2EEB5ED624C9FFC200A8FBD8 /* GameModel.swift in Sources */,
			);
			runOnlyForDeploymentPostprocessing = 0;
		};
/* End PBXSourcesBuildPhase section */

/* Begin PBXVariantGroup section */
		2EEB5EA824C9DACF00A8FBD8 /* Main.storyboard */ = {
			isa = PBXVariantGroup;
			children = (
				2EEB5EA924C9DACF00A8FBD8 /* Base */,
			);
			name = Main.storyboard;
			sourceTree = "<group>";
		};
		2EEB5EAD24C9DAD600A8FBD8 /* LaunchScreen.storyboard */ = {
			isa = PBXVariantGroup;
			children = (
				2EEB5EAE24C9DAD600A8FBD8 /* Base */,
			);
			name = LaunchScreen.storyboard;
			sourceTree = "<group>";
		};
/* End PBXVariantGroup section */

/* Begin XCBuildConfiguration section */
		2EEB5EB124C9DAD600A8FBD8 /* Debug */ = {
			isa = XCBuildConfiguration;
			buildSettings = {
				ALWAYS_SEARCH_USER_PATHS = NO;
				CLANG_ANALYZER_NONNULL = YES;
				CLANG_ANALYZER_NUMBER_OBJECT_CONVERSION = YES_AGGRESSIVE;
				CLANG_CXX_LANGUAGE_STANDARD = "gnu++14";
				CLANG_CXX_LIBRARY = "libc++";
				CLANG_ENABLE_MODULES = YES;
				CLANG_ENABLE_OBJC_ARC = YES;
				CLANG_ENABLE_OBJC_WEAK = YES;
				CLANG_WARN_BLOCK_CAPTURE_AUTORELEASING = YES;
				CLANG_WARN_BOOL_CONVERSION = YES;
				CLANG_WARN_COMMA = YES;
				CLANG_WARN_CONSTANT_CONVERSION = YES;
				CLANG_WARN_DEPRECATED_OBJC_IMPLEMENTATIONS = YES;
				CLANG_WARN_DIRECT_OBJC_ISA_USAGE = YES_ERROR;
				CLANG_WARN_DOCUMENTATION_COMMENTS = YES;
				CLANG_WARN_EMPTY_BODY = YES;
				CLANG_WARN_ENUM_CONVERSION = YES;
				CLANG_WARN_INFINITE_RECURSION = YES;
				CLANG_WARN_INT_CONVERSION = YES;
				CLANG_WARN_NON_LITERAL_NULL_CONVERSION = YES;
				CLANG_WARN_OBJC_IMPLICIT_RETAIN_SELF = YES;
				CLANG_WARN_OBJC_LITERAL_CONVERSION = YES;
				CLANG_WARN_OBJC_ROOT_CLASS = YES_ERROR;
				CLANG_WARN_RANGE_LOOP_ANALYSIS = YES;
				CLANG_WARN_STRICT_PROTOTYPES = YES;
				CLANG_WARN_SUSPICIOUS_MOVE = YES;
				CLANG_WARN_UNGUARDED_AVAILABILITY = YES_AGGRESSIVE;
				CLANG_WARN_UNREACHABLE_CODE = YES;
				CLANG_WARN__DUPLICATE_METHOD_MATCH = YES;
				COPY_PHASE_STRIP = NO;
				DEBUG_INFORMATION_FORMAT = dwarf;
				ENABLE_STRICT_OBJC_MSGSEND = YES;
				ENABLE_TESTABILITY = YES;
				GCC_C_LANGUAGE_STANDARD = gnu11;
				GCC_DYNAMIC_NO_PIC = NO;
				GCC_NO_COMMON_BLOCKS = YES;
				GCC_OPTIMIZATION_LEVEL = 0;
				GCC_PREPROCESSOR_DEFINITIONS = (
					"DEBUG=1",
					"$(inherited)",
				);
				GCC_WARN_64_TO_32_BIT_CONVERSION = YES;
				GCC_WARN_ABOUT_RETURN_TYPE = YES_ERROR;
				GCC_WARN_UNDECLARED_SELECTOR = YES;
				GCC_WARN_UNINITIALIZED_AUTOS = YES_AGGRESSIVE;
				GCC_WARN_UNUSED_FUNCTION = YES;
				GCC_WARN_UNUSED_VARIABLE = YES;
				IPHONEOS_DEPLOYMENT_TARGET = 13.5;
				MTL_ENABLE_DEBUG_INFO = INCLUDE_SOURCE;
				MTL_FAST_MATH = YES;
				ONLY_ACTIVE_ARCH = YES;
				SDKROOT = iphoneos;
				SWIFT_ACTIVE_COMPILATION_CONDITIONS = DEBUG;
				SWIFT_OPTIMIZATION_LEVEL = "-Onone";
			};
			name = Debug;
		};
		2EEB5EB224C9DAD600A8FBD8 /* Release */ = {
			isa = XCBuildConfiguration;
			buildSettings = {
				ALWAYS_SEARCH_USER_PATHS = NO;
				CLANG_ANALYZER_NONNULL = YES;
				CLANG_ANALYZER_NUMBER_OBJECT_CONVERSION = YES_AGGRESSIVE;
				CLANG_CXX_LANGUAGE_STANDARD = "gnu++14";
				CLANG_CXX_LIBRARY = "libc++";
				CLANG_ENABLE_MODULES = YES;
				CLANG_ENABLE_OBJC_ARC = YES;
				CLANG_ENABLE_OBJC_WEAK = YES;
				CLANG_WARN_BLOCK_CAPTURE_AUTORELEASING = YES;
				CLANG_WARN_BOOL_CONVERSION = YES;
				CLANG_WARN_COMMA = YES;
				CLANG_WARN_CONSTANT_CONVERSION = YES;
				CLANG_WARN_DEPRECATED_OBJC_IMPLEMENTATIONS = YES;
				CLANG_WARN_DIRECT_OBJC_ISA_USAGE = YES_ERROR;
				CLANG_WARN_DOCUMENTATION_COMMENTS = YES;
				CLANG_WARN_EMPTY_BODY = YES;
				CLANG_WARN_ENUM_CONVERSION = YES;
				CLANG_WARN_INFINITE_RECURSION = YES;
				CLANG_WARN_INT_CONVERSION = YES;
				CLANG_WARN_NON_LITERAL_NULL_CONVERSION = YES;
				CLANG_WARN_OBJC_IMPLICIT_RETAIN_SELF = YES;
				CLANG_WARN_OBJC_LITERAL_CONVERSION = YES;
				CLANG_WARN_OBJC_ROOT_CLASS = YES_ERROR;
				CLANG_WARN_RANGE_LOOP_ANALYSIS = YES;
				CLANG_WARN_STRICT_PROTOTYPES = YES;
				CLANG_WARN_SUSPICIOUS_MOVE = YES;
				CLANG_WARN_UNGUARDED_AVAILABILITY = YES_AGGRESSIVE;
				CLANG_WARN_UNREACHABLE_CODE = YES;
				CLANG_WARN__DUPLICATE_METHOD_MATCH = YES;
				COPY_PHASE_STRIP = NO;
				DEBUG_INFORMATION_FORMAT = "dwarf-with-dsym";
				ENABLE_NS_ASSERTIONS = NO;
				ENABLE_STRICT_OBJC_MSGSEND = YES;
				GCC_C_LANGUAGE_STANDARD = gnu11;
				GCC_NO_COMMON_BLOCKS = YES;
				GCC_WARN_64_TO_32_BIT_CONVERSION = YES;
				GCC_WARN_ABOUT_RETURN_TYPE = YES_ERROR;
				GCC_WARN_UNDECLARED_SELECTOR = YES;
				GCC_WARN_UNINITIALIZED_AUTOS = YES_AGGRESSIVE;
				GCC_WARN_UNUSED_FUNCTION = YES;
				GCC_WARN_UNUSED_VARIABLE = YES;
				IPHONEOS_DEPLOYMENT_TARGET = 13.5;
				MTL_ENABLE_DEBUG_INFO = NO;
				MTL_FAST_MATH = YES;
				SDKROOT = iphoneos;
				SWIFT_COMPILATION_MODE = wholemodule;
				SWIFT_OPTIMIZATION_LEVEL = "-O";
				VALIDATE_PRODUCT = YES;
			};
			name = Release;
		};
		2EEB5EB424C9DAD600A8FBD8 /* Debug */ = {
			isa = XCBuildConfiguration;
			baseConfigurationReference = 847449E3750BA15B6A32AA29 /* Pods-Number Game.debug.xcconfig */;
			buildSettings = {
				ASSETCATALOG_COMPILER_APPICON_NAME = AppIcon;
				CODE_SIGN_STYLE = Automatic;
				DEVELOPMENT_TEAM = W3475PQ5N9;
				INFOPLIST_FILE = "Number Game/Info.plist";
				LD_RUNPATH_SEARCH_PATHS = (
					"$(inherited)",
					"@executable_path/Frameworks",
				);
				PRODUCT_BUNDLE_IDENTIFIER = "com.overgame.Number-Game";
				PRODUCT_NAME = "$(TARGET_NAME)";
				SWIFT_VERSION = 5.0;
				TARGETED_DEVICE_FAMILY = "1,2";
			};
			name = Debug;
		};
		2EEB5EB524C9DAD600A8FBD8 /* Release */ = {
			isa = XCBuildConfiguration;
			baseConfigurationReference = 987C24501C65223A062E5B05 /* Pods-Number Game.release.xcconfig */;
			buildSettings = {
				ASSETCATALOG_COMPILER_APPICON_NAME = AppIcon;
				CODE_SIGN_STYLE = Automatic;
				DEVELOPMENT_TEAM = W3475PQ5N9;
				INFOPLIST_FILE = "Number Game/Info.plist";
				LD_RUNPATH_SEARCH_PATHS = (
					"$(inherited)",
					"@executable_path/Frameworks",
				);
				PRODUCT_BUNDLE_IDENTIFIER = "com.overgame.Number-Game";
				PRODUCT_NAME = "$(TARGET_NAME)";
				SWIFT_VERSION = 5.0;
				TARGETED_DEVICE_FAMILY = "1,2";
			};
			name = Release;
		};
/* End XCBuildConfiguration section */

/* Begin XCConfigurationList section */
		2EEB5E9A24C9DACE00A8FBD8 /* Build configuration list for PBXProject "Number Game" */ = {
			isa = XCConfigurationList;
			buildConfigurations = (
				2EEB5EB124C9DAD600A8FBD8 /* Debug */,
				2EEB5EB224C9DAD600A8FBD8 /* Release */,
			);
			defaultConfigurationIsVisible = 0;
			defaultConfigurationName = Release;
		};
		2EEB5EB324C9DAD600A8FBD8 /* Build configuration list for PBXNativeTarget "Number Game" */ = {
			isa = XCConfigurationList;
			buildConfigurations = (
				2EEB5EB424C9DAD600A8FBD8 /* Debug */,
				2EEB5EB524C9DAD600A8FBD8 /* Release */,
			);
			defaultConfigurationIsVisible = 0;
			defaultConfigurationName = Release;
		};
/* End XCConfigurationList section */
	};
	rootObject = 2EEB5E9724C9DACE00A8FBD8 /* Project object */;
}
